
Microsoft Visual Studio Solution File, Format Version 12.00
# Visual Studio Version 17
VisualStudioVersion = 17.5.33516.290
MinimumVisualStudioVersion = 10.0.40219.1
Project("{8BC9CEB8-8B4A-11D0-8D11-00A0C91BC942}") = "괄호 검사 프로그램", "괄호 검사 프로그램\괄호 검사 프로그램.vcxproj", "{B0F66E5A-6CCB-4242-A315-79F011821B84}"
EndProject
Project("{8BC9CEB8-8B4A-11D0-8D11-00A0C91BC942}") = "문자열 압축", "Project1\Project1.vcxproj", "{6B8C510F-C95A-415A-BD43-DB8B24DBF8B0}"
EndProject
Project("{8BC9CEB8-8B4A-11D0-8D11-00A0C91BC942}") = "후위 표기식", "후위 표기식\후위 표기식.vcxproj", "{A18A68E6-FF50-4671-97DD-679B1B79C411}"
EndProject
Project("{8BC9CEB8-8B4A-11D0-8D11-00A0C91BC942}") = "중위에서후위_표기식", "중위에서후위_표기식\중위에서후위_표기식.vcxproj", "{61F48EF1-B787-434C-9C45-1A9EC7018636}"
EndProject
Project("{8BC9CEB8-8B4A-11D0-8D11-00A0C91BC942}") = "미로탐색문제", "미로탐색문제\미로탐색문제.vcxproj", "{90E34490-5FA2-4750-BA09-5BD976EDC619}"
EndProject
Project("{8BC9CEB8-8B4A-11D0-8D11-00A0C91BC942}") = "queue연습장", "queue연습장\queue연습장.vcxproj", "{BFC8E45B-716D-4CBD-B3C2-5FD1600C3EBF}"
EndProject
Project("{8BC9CEB8-8B4A-11D0-8D11-00A0C91BC942}") = "원형queue", "원형queue\원형queue.vcxproj", "{C2974B33-2D61-4AC1-9FC2-5741F8B4C65B}"
EndProject
Project("{8BC9CEB8-8B4A-11D0-8D11-00A0C91BC942}") = "deque", "deque\deque.vcxproj", "{7B16F89A-B4E6-4E9F-852D-364C8D3D3318}"
EndProject
Project("{8BC9CEB8-8B4A-11D0-8D11-00A0C91BC942}") = "dequesimulation", "dequesimulation\dequesimulation.vcxproj", "{3C161878-CC87-400C-9624-3A8F17A96B61}"
EndProject
Project("{8BC9CEB8-8B4A-11D0-8D11-00A0C91BC942}") = "list", "list\list.vcxproj", "{79E82270-13B7-4040-9984-97352660F022}"
EndProject
Project("{8BC9CEB8-8B4A-11D0-8D11-00A0C91BC942}") = "list2", "list2\list2.vcxproj", "{91D583AA-35CA-4761-B58A-9360088B9F5A}"
EndProject
Project("{8BC9CEB8-8B4A-11D0-8D11-00A0C91BC942}") = "hw1-1", "hw1-1\hw1-1.vcxproj", "{666A7116-5FE2-48A9-BE31-3930B862F852}"
EndProject
Project("{8BC9CEB8-8B4A-11D0-8D11-00A0C91BC942}") = "hw1-2", "hw1-2\hw1-2.vcxproj", "{F5E6EC33-EE8E-4602-A202-CD92CE4A3EF3}"
EndProject
Project("{8BC9CEB8-8B4A-11D0-8D11-00A0C91BC942}") = "list3", "list3\list3.vcxproj", "{376622D6-6644-462A-94BF-60E876A6A42E}"
EndProject
Project("{8BC9CEB8-8B4A-11D0-8D11-00A0C91BC942}") = "list4", "list4\list4.vcxproj", "{4A10C79B-DD96-4B09-A894-3FCA30B77772}"
EndProject
Project("{8BC9CEB8-8B4A-11D0-8D11-00A0C91BC942}") = "연결리스트로스택구현", "연결리스트로스택구현\연결리스트로스택구현.vcxproj", "{AEFFFA6F-5E9D-413D-8AAD-6B1C30AD314C}"
EndProject
Project("{8BC9CEB8-8B4A-11D0-8D11-00A0C91BC942}") = "연결리스트로큐구현", "연결리스트로큐구현\연결리스트로큐구현.vcxproj", "{E42FB0C6-71C5-4E55-87A3-1AB4596F0D87}"
EndProject
Global
	GlobalSection(SolutionConfigurationPlatforms) = preSolution
		Debug|x64 = Debug|x64
		Debug|x86 = Debug|x86
		Release|x64 = Release|x64
		Release|x86 = Release|x86
	EndGlobalSection
	GlobalSection(ProjectConfigurationPlatforms) = postSolution
		{B0F66E5A-6CCB-4242-A315-79F011821B84}.Debug|x64.ActiveCfg = Debug|x64
		{B0F66E5A-6CCB-4242-A315-79F011821B84}.Debug|x64.Build.0 = Debug|x64
		{B0F66E5A-6CCB-4242-A315-79F011821B84}.Debug|x86.ActiveCfg = Debug|Win32
		{B0F66E5A-6CCB-4242-A315-79F011821B84}.Debug|x86.Build.0 = Debug|Win32
		{B0F66E5A-6CCB-4242-A315-79F011821B84}.Release|x64.ActiveCfg = Release|x64
		{B0F66E5A-6CCB-4242-A315-79F011821B84}.Release|x64.Build.0 = Release|x64
		{B0F66E5A-6CCB-4242-A315-79F011821B84}.Release|x86.ActiveCfg = Release|Win32
		{B0F66E5A-6CCB-4242-A315-79F011821B84}.Release|x86.Build.0 = Release|Win32
		{6B8C510F-C95A-415A-BD43-DB8B24DBF8B0}.Debug|x64.ActiveCfg = Debug|x64
		{6B8C510F-C95A-415A-BD43-DB8B24DBF8B0}.Debug|x64.Build.0 = Debug|x64
		{6B8C510F-C95A-415A-BD43-DB8B24DBF8B0}.Debug|x86.ActiveCfg = Debug|Win32
		{6B8C510F-C95A-415A-BD43-DB8B24DBF8B0}.Debug|x86.Build.0 = Debug|Win32
		{6B8C510F-C95A-415A-BD43-DB8B24DBF8B0}.Release|x64.ActiveCfg = Release|x64
		{6B8C510F-C95A-415A-BD43-DB8B24DBF8B0}.Release|x64.Build.0 = Release|x64
		{6B8C510F-C95A-415A-BD43-DB8B24DBF8B0}.Release|x86.ActiveCfg = Release|Win32
		{6B8C510F-C95A-415A-BD43-DB8B24DBF8B0}.Release|x86.Build.0 = Release|Win32
		{A18A68E6-FF50-4671-97DD-679B1B79C411}.Debug|x64.ActiveCfg = Debug|x64
		{A18A68E6-FF50-4671-97DD-679B1B79C411}.Debug|x64.Build.0 = Debug|x64
		{A18A68E6-FF50-4671-97DD-679B1B79C411}.Debug|x86.ActiveCfg = Debug|Win32
		{A18A68E6-FF50-4671-97DD-679B1B79C411}.Debug|x86.Build.0 = Debug|Win32
		{A18A68E6-FF50-4671-97DD-679B1B79C411}.Release|x64.ActiveCfg = Release|x64
		{A18A68E6-FF50-4671-97DD-679B1B79C411}.Release|x64.Build.0 = Release|x64
		{A18A68E6-FF50-4671-97DD-679B1B79C411}.Release|x86.ActiveCfg = Release|Win32
		{A18A68E6-FF50-4671-97DD-679B1B79C411}.Release|x86.Build.0 = Release|Win32
		{61F48EF1-B787-434C-9C45-1A9EC7018636}.Debug|x64.ActiveCfg = Debug|x64
		{61F48EF1-B787-434C-9C45-1A9EC7018636}.Debug|x64.Build.0 = Debug|x64
		{61F48EF1-B787-434C-9C45-1A9EC7018636}.Debug|x86.ActiveCfg = Debug|Win32
		{61F48EF1-B787-434C-9C45-1A9EC7018636}.Debug|x86.Build.0 = Debug|Win32
		{61F48EF1-B787-434C-9C45-1A9EC7018636}.Release|x64.ActiveCfg = Release|x64
		{61F48EF1-B787-434C-9C45-1A9EC7018636}.Release|x64.Build.0 = Release|x64
		{61F48EF1-B787-434C-9C45-1A9EC7018636}.Release|x86.ActiveCfg = Release|Win32
		{61F48EF1-B787-434C-9C45-1A9EC7018636}.Release|x86.Build.0 = Release|Win32
		{90E34490-5FA2-4750-BA09-5BD976EDC619}.Debug|x64.ActiveCfg = Debug|x64
		{90E34490-5FA2-4750-BA09-5BD976EDC619}.Debug|x64.Build.0 = Debug|x64
		{90E34490-5FA2-4750-BA09-5BD976EDC619}.Debug|x86.ActiveCfg = Debug|Win32
		{90E34490-5FA2-4750-BA09-5BD976EDC619}.Debug|x86.Build.0 = Debug|Win32
		{90E34490-5FA2-4750-BA09-5BD976EDC619}.Release|x64.ActiveCfg = Release|x64
		{90E34490-5FA2-4750-BA09-5BD976EDC619}.Release|x64.Build.0 = Release|x64
		{90E34490-5FA2-4750-BA09-5BD976EDC619}.Release|x86.ActiveCfg = Release|Win32
		{90E34490-5FA2-4750-BA09-5BD976EDC619}.Release|x86.Build.0 = Release|Win32
		{BFC8E45B-716D-4CBD-B3C2-5FD1600C3EBF}.Debug|x64.ActiveCfg = Debug|x64
		{BFC8E45B-716D-4CBD-B3C2-5FD1600C3EBF}.Debug|x64.Build.0 = Debug|x64
		{BFC8E45B-716D-4CBD-B3C2-5FD1600C3EBF}.Debug|x86.ActiveCfg = Debug|Win32
		{BFC8E45B-716D-4CBD-B3C2-5FD1600C3EBF}.Debug|x86.Build.0 = Debug|Win32
		{BFC8E45B-716D-4CBD-B3C2-5FD1600C3EBF}.Release|x64.ActiveCfg = Release|x64
		{BFC8E45B-716D-4CBD-B3C2-5FD1600C3EBF}.Release|x64.Build.0 = Release|x64
		{BFC8E45B-716D-4CBD-B3C2-5FD1600C3EBF}.Release|x86.ActiveCfg = Release|Win32
		{BFC8E45B-716D-4CBD-B3C2-5FD1600C3EBF}.Release|x86.Build.0 = Release|Win32
		{C2974B33-2D61-4AC1-9FC2-5741F8B4C65B}.Debug|x64.ActiveCfg = Debug|x64
		{C2974B33-2D61-4AC1-9FC2-5741F8B4C65B}.Debug|x64.Build.0 = Debug|x64
		{C2974B33-2D61-4AC1-9FC2-5741F8B4C65B}.Debug|x86.ActiveCfg = Debug|Win32
		{C2974B33-2D61-4AC1-9FC2-5741F8B4C65B}.Debug|x86.Build.0 = Debug|Win32
		{C2974B33-2D61-4AC1-9FC2-5741F8B4C65B}.Release|x64.ActiveCfg = Release|x64
		{C2974B33-2D61-4AC1-9FC2-5741F8B4C65B}.Release|x64.Build.0 = Release|x64
		{C2974B33-2D61-4AC1-9FC2-5741F8B4C65B}.Release|x86.ActiveCfg = Release|Win32
		{C2974B33-2D61-4AC1-9FC2-5741F8B4C65B}.Release|x86.Build.0 = Release|Win32
		{7B16F89A-B4E6-4E9F-852D-364C8D3D3318}.Debug|x64.ActiveCfg = Debug|x64
		{7B16F89A-B4E6-4E9F-852D-364C8D3D3318}.Debug|x64.Build.0 = Debug|x64
		{7B16F89A-B4E6-4E9F-852D-364C8D3D3318}.Debug|x86.ActiveCfg = Debug|Win32
		{7B16F89A-B4E6-4E9F-852D-364C8D3D3318}.Debug|x86.Build.0 = Debug|Win32
		{7B16F89A-B4E6-4E9F-852D-364C8D3D3318}.Release|x64.ActiveCfg = Release|x64
		{7B16F89A-B4E6-4E9F-852D-364C8D3D3318}.Release|x64.Build.0 = Release|x64
		{7B16F89A-B4E6-4E9F-852D-364C8D3D3318}.Release|x86.ActiveCfg = Release|Win32
		{7B16F89A-B4E6-4E9F-852D-364C8D3D3318}.Release|x86.Build.0 = Release|Win32
		{3C161878-CC87-400C-9624-3A8F17A96B61}.Debug|x64.ActiveCfg = Debug|x64
		{3C161878-CC87-400C-9624-3A8F17A96B61}.Debug|x64.Build.0 = Debug|x64
		{3C161878-CC87-400C-9624-3A8F17A96B61}.Debug|x86.ActiveCfg = Debug|Win32
		{3C161878-CC87-400C-9624-3A8F17A96B61}.Debug|x86.Build.0 = Debug|Win32
		{3C161878-CC87-400C-9624-3A8F17A96B61}.Release|x64.ActiveCfg = Release|x64
		{3C161878-CC87-400C-9624-3A8F17A96B61}.Release|x64.Build.0 = Release|x64
		{3C161878-CC87-400C-9624-3A8F17A96B61}.Release|x86.ActiveCfg = Release|Win32
		{3C161878-CC87-400C-9624-3A8F17A96B61}.Release|x86.Build.0 = Release|Win32
		{79E82270-13B7-4040-9984-97352660F022}.Debug|x64.ActiveCfg = Debug|x64
		{79E82270-13B7-4040-9984-97352660F022}.Debug|x64.Build.0 = Debug|x64
		{79E82270-13B7-4040-9984-97352660F022}.Debug|x86.ActiveCfg = Debug|Win32
		{79E82270-13B7-4040-9984-97352660F022}.Debug|x86.Build.0 = Debug|Win32
		{79E82270-13B7-4040-9984-97352660F022}.Release|x64.ActiveCfg = Release|x64
		{79E82270-13B7-4040-9984-97352660F022}.Release|x64.Build.0 = Release|x64
		{79E82270-13B7-4040-9984-97352660F022}.Release|x86.ActiveCfg = Release|Win32
		{79E82270-13B7-4040-9984-97352660F022}.Release|x86.Build.0 = Release|Win32
		{91D583AA-35CA-4761-B58A-9360088B9F5A}.Debug|x64.ActiveCfg = Debug|x64
		{91D583AA-35CA-4761-B58A-9360088B9F5A}.Debug|x64.Build.0 = Debug|x64
		{91D583AA-35CA-4761-B58A-9360088B9F5A}.Debug|x86.ActiveCfg = Debug|Win32
		{91D583AA-35CA-4761-B58A-9360088B9F5A}.Debug|x86.Build.0 = Debug|Win32
		{91D583AA-35CA-4761-B58A-9360088B9F5A}.Release|x64.ActiveCfg = Release|x64
		{91D583AA-35CA-4761-B58A-9360088B9F5A}.Release|x64.Build.0 = Release|x64
		{91D583AA-35CA-4761-B58A-9360088B9F5A}.Release|x86.ActiveCfg = Release|Win32
		{91D583AA-35CA-4761-B58A-9360088B9F5A}.Release|x86.Build.0 = Release|Win32
		{666A7116-5FE2-48A9-BE31-3930B862F852}.Debug|x64.ActiveCfg = Debug|x64
		{666A7116-5FE2-48A9-BE31-3930B862F852}.Debug|x64.Build.0 = Debug|x64
		{666A7116-5FE2-48A9-BE31-3930B862F852}.Debug|x86.ActiveCfg = Debug|Win32
		{666A7116-5FE2-48A9-BE31-3930B862F852}.Debug|x86.Build.0 = Debug|Win32
		{666A7116-5FE2-48A9-BE31-3930B862F852}.Release|x64.ActiveCfg = Release|x64
		{666A7116-5FE2-48A9-BE31-3930B862F852}.Release|x64.Build.0 = Release|x64
		{666A7116-5FE2-48A9-BE31-3930B862F852}.Release|x86.ActiveCfg = Release|Win32
		{666A7116-5FE2-48A9-BE31-3930B862F852}.Release|x86.Build.0 = Release|Win32
		{F5E6EC33-EE8E-4602-A202-CD92CE4A3EF3}.Debug|x64.ActiveCfg = Debug|x64
		{F5E6EC33-EE8E-4602-A202-CD92CE4A3EF3}.Debug|x64.Build.0 = Debug|x64
		{F5E6EC33-EE8E-4602-A202-CD92CE4A3EF3}.Debug|x86.ActiveCfg = Debug|Win32
		{F5E6EC33-EE8E-4602-A202-CD92CE4A3EF3}.Debug|x86.Build.0 = Debug|Win32
		{F5E6EC33-EE8E-4602-A202-CD92CE4A3EF3}.Release|x64.ActiveCfg = Release|x64
		{F5E6EC33-EE8E-4602-A202-CD92CE4A3EF3}.Release|x64.Build.0 = Release|x64
		{F5E6EC33-EE8E-4602-A202-CD92CE4A3EF3}.Release|x86.ActiveCfg = Release|Win32
		{F5E6EC33-EE8E-4602-A202-CD92CE4A3EF3}.Release|x86.Build.0 = Release|Win32
		{376622D6-6644-462A-94BF-60E876A6A42E}.Debug|x64.ActiveCfg = Debug|x64
		{376622D6-6644-462A-94BF-60E876A6A42E}.Debug|x64.Build.0 = Debug|x64
		{376622D6-6644-462A-94BF-60E876A6A42E}.Debug|x86.ActiveCfg = Debug|Win32
		{376622D6-6644-462A-94BF-60E876A6A42E}.Debug|x86.Build.0 = Debug|Win32
		{376622D6-6644-462A-94BF-60E876A6A42E}.Release|x64.ActiveCfg = Release|x64
		{376622D6-6644-462A-94BF-60E876A6A42E}.Release|x64.Build.0 = Release|x64
		{376622D6-6644-462A-94BF-60E876A6A42E}.Release|x86.ActiveCfg = Release|Win32
		{376622D6-6644-462A-94BF-60E876A6A42E}.Release|x86.Build.0 = Release|Win32
		{4A10C79B-DD96-4B09-A894-3FCA30B77772}.Debug|x64.ActiveCfg = Debug|x64
		{4A10C79B-DD96-4B09-A894-3FCA30B77772}.Debug|x64.Build.0 = Debug|x64
		{4A10C79B-DD96-4B09-A894-3FCA30B77772}.Debug|x86.ActiveCfg = Debug|Win32
		{4A10C79B-DD96-4B09-A894-3FCA30B77772}.Debug|x86.Build.0 = Debug|Win32
		{4A10C79B-DD96-4B09-A894-3FCA30B77772}.Release|x64.ActiveCfg = Release|x64
		{4A10C79B-DD96-4B09-A894-3FCA30B77772}.Release|x64.Build.0 = Release|x64
		{4A10C79B-DD96-4B09-A894-3FCA30B77772}.Release|x86.ActiveCfg = Release|Win32
		{4A10C79B-DD96-4B09-A894-3FCA30B77772}.Release|x86.Build.0 = Release|Win32
		{AEFFFA6F-5E9D-413D-8AAD-6B1C30AD314C}.Debug|x64.ActiveCfg = Debug|x64
		{AEFFFA6F-5E9D-413D-8AAD-6B1C30AD314C}.Debug|x64.Build.0 = Debug|x64
		{AEFFFA6F-5E9D-413D-8AAD-6B1C30AD314C}.Debug|x86.ActiveCfg = Debug|Win32
		{AEFFFA6F-5E9D-413D-8AAD-6B1C30AD314C}.Debug|x86.Build.0 = Debug|Win32
		{AEFFFA6F-5E9D-413D-8AAD-6B1C30AD314C}.Release|x64.ActiveCfg = Release|x64
		{AEFFFA6F-5E9D-413D-8AAD-6B1C30AD314C}.Release|x64.Build.0 = Release|x64
		{AEFFFA6F-5E9D-413D-8AAD-6B1C30AD314C}.Release|x86.ActiveCfg = Release|Win32
		{AEFFFA6F-5E9D-413D-8AAD-6B1C30AD314C}.Release|x86.Build.0 = Release|Win32
		{E42FB0C6-71C5-4E55-87A3-1AB4596F0D87}.Debug|x64.ActiveCfg = Debug|x64
		{E42FB0C6-71C5-4E55-87A3-1AB4596F0D87}.Debug|x64.Build.0 = Debug|x64
		{E42FB0C6-71C5-4E55-87A3-1AB4596F0D87}.Debug|x86.ActiveCfg = Debug|Win32
		{E42FB0C6-71C5-4E55-87A3-1AB4596F0D87}.Debug|x86.Build.0 = Debug|Win32
		{E42FB0C6-71C5-4E55-87A3-1AB4596F0D87}.Release|x64.ActiveCfg = Release|x64
		{E42FB0C6-71C5-4E55-87A3-1AB4596F0D87}.Release|x64.Build.0 = Release|x64
		{E42FB0C6-71C5-4E55-87A3-1AB4596F0D87}.Release|x86.ActiveCfg = Release|Win32
		{E42FB0C6-71C5-4E55-87A3-1AB4596F0D87}.Release|x86.Build.0 = Release|Win32
	EndGlobalSection
	GlobalSection(SolutionProperties) = preSolution
		HideSolutionNode = FALSE
	EndGlobalSection
	GlobalSection(ExtensibilityGlobals) = postSolution
		SolutionGuid = {A0BB3B9C-6C7C-4D72-9BEA-1D6B1CE0F05C}
	EndGlobalSection
EndGlobal
