
Microsoft Visual Studio Solution File, Format Version 12.00
# Visual Studio Version 17
VisualStudioVersion = 17.3.32825.248
MinimumVisualStudioVersion = 10.0.40219.1
Project("{8BC9CEB8-8B4A-11D0-8D11-00A0C91BC942}") = "c language", "c language\c language.vcxproj", "{2C0E4489-6D57-4596-A00C-9D64FF3FB01B}"
EndProject
Project("{8BC9CEB8-8B4A-11D0-8D11-00A0C91BC942}") = "GuguDan", "GuguDan\GuguDan.vcxproj", "{67012F15-2B90-4767-8245-58E315D7ECEE}"
EndProject
Project("{8BC9CEB8-8B4A-11D0-8D11-00A0C91BC942}") = "add", "add\add.vcxproj", "{B6DD44A8-1188-4D07-9DF8-906886F3D46B}"
EndProject
Project("{8BC9CEB8-8B4A-11D0-8D11-00A0C91BC942}") = "input", "input\input.vcxproj", "{ABFC497F-83AA-40C8-A92A-5EBE1DA912ED}"
EndProject
Project("{8BC9CEB8-8B4A-11D0-8D11-00A0C91BC942}") = "price", "price\price.vcxproj", "{6101B6C8-C2D3-4FC3-8859-C0FB13FF23A9}"
EndProject
Project("{8BC9CEB8-8B4A-11D0-8D11-00A0C91BC942}") = "여행비용계산", "여행비용계산\여행비용계산.vcxproj", "{A6DF9A93-16E0-49F2-8668-BD3C3EDBE880}"
EndProject
Project("{8BC9CEB8-8B4A-11D0-8D11-00A0C91BC942}") = "사칙연산", "사칙연산\사칙연산.vcxproj", "{8CA46429-9E65-4569-AAAF-9EAB42771332}"
EndProject
Project("{8BC9CEB8-8B4A-11D0-8D11-00A0C91BC942}") = "ch_4-1", "ch4\ch4.vcxproj", "{9B819F7E-A4F2-46EC-87A0-3AFA7A8937B2}"
EndProject
Project("{8BC9CEB8-8B4A-11D0-8D11-00A0C91BC942}") = "ch4-2", "ch4-2\ch4-2.vcxproj", "{A944C70B-316C-43F8-B00A-3E0EAA6CC587}"
EndProject
Project("{8BC9CEB8-8B4A-11D0-8D11-00A0C91BC942}") = "ch4-3", "ch4-3\ch4-3.vcxproj", "{B0176B0C-E571-4C66-9044-B874D063C773}"
EndProject
Project("{8BC9CEB8-8B4A-11D0-8D11-00A0C91BC942}") = "ch4-4", "4-4\4-4.vcxproj", "{5EE3456E-17BC-4E56-8775-0C6404BB51BD}"
EndProject
Project("{8BC9CEB8-8B4A-11D0-8D11-00A0C91BC942}") = "ch4-5", "ch4-5\ch4-5.vcxproj", "{69D7CFF0-6330-41C0-998D-2A8789C2C055}"
EndProject
Project("{8BC9CEB8-8B4A-11D0-8D11-00A0C91BC942}") = "ch4-6", "ch4-6\ch4-6.vcxproj", "{04FA4DE0-0D7E-4E86-AB41-25D6FEA35098}"
EndProject
Project("{8BC9CEB8-8B4A-11D0-8D11-00A0C91BC942}") = "ch4-7", "ch4-7\ch4-7.vcxproj", "{18842BD5-34F1-4633-8850-804EA7E5DEBE}"
EndProject
Project("{8BC9CEB8-8B4A-11D0-8D11-00A0C91BC942}") = "ch1-1 review", "ch1-1 review\ch1-1 review.vcxproj", "{D9C86A97-E5F7-45A8-877C-BCC1384798A8}"
EndProject
Project("{8BC9CEB8-8B4A-11D0-8D11-00A0C91BC942}") = "ch2 review", "ch2 review\ch2 review.vcxproj", "{3C9051C0-A965-4D9A-A602-F6443E7E45F8}"
EndProject
Project("{8BC9CEB8-8B4A-11D0-8D11-00A0C91BC942}") = "ch3 review", "ch3 review\ch3 review.vcxproj", "{A6F3733F-ABC8-4119-83C1-FC66218DD9E2}"
EndProject
Project("{8BC9CEB8-8B4A-11D0-8D11-00A0C91BC942}") = "ch 4 review", "ch 4 review\ch 4 review.vcxproj", "{DE2C2B5C-7A56-4FA6-919E-9E926116CB44}"
EndProject
Project("{8BC9CEB8-8B4A-11D0-8D11-00A0C91BC942}") = "ch5", "ch5\ch5.vcxproj", "{432AC012-4220-4BD4-8893-193FCD9D4746}"
EndProject
Project("{8BC9CEB8-8B4A-11D0-8D11-00A0C91BC942}") = "ch 6", "ch 6\ch 6.vcxproj", "{8F1A2229-DB57-4F90-9D48-ACDBEDEAF1F7}"
EndProject
Project("{8BC9CEB8-8B4A-11D0-8D11-00A0C91BC942}") = "ch 7", "ch6\ch6.vcxproj", "{8141BCE8-A780-4FD5-A01A-95ED0ADC8D2E}"
EndProject
Global
	GlobalSection(SolutionConfigurationPlatforms) = preSolution
		Debug|x64 = Debug|x64
		Debug|x86 = Debug|x86
		Release|x64 = Release|x64
		Release|x86 = Release|x86
	EndGlobalSection
	GlobalSection(ProjectConfigurationPlatforms) = postSolution
		{2C0E4489-6D57-4596-A00C-9D64FF3FB01B}.Debug|x64.ActiveCfg = Debug|x64
		{2C0E4489-6D57-4596-A00C-9D64FF3FB01B}.Debug|x64.Build.0 = Debug|x64
		{2C0E4489-6D57-4596-A00C-9D64FF3FB01B}.Debug|x86.ActiveCfg = Debug|Win32
		{2C0E4489-6D57-4596-A00C-9D64FF3FB01B}.Debug|x86.Build.0 = Debug|Win32
		{2C0E4489-6D57-4596-A00C-9D64FF3FB01B}.Release|x64.ActiveCfg = Release|x64
		{2C0E4489-6D57-4596-A00C-9D64FF3FB01B}.Release|x64.Build.0 = Release|x64
		{2C0E4489-6D57-4596-A00C-9D64FF3FB01B}.Release|x86.ActiveCfg = Release|Win32
		{2C0E4489-6D57-4596-A00C-9D64FF3FB01B}.Release|x86.Build.0 = Release|Win32
		{67012F15-2B90-4767-8245-58E315D7ECEE}.Debug|x64.ActiveCfg = Debug|x64
		{67012F15-2B90-4767-8245-58E315D7ECEE}.Debug|x64.Build.0 = Debug|x64
		{67012F15-2B90-4767-8245-58E315D7ECEE}.Debug|x86.ActiveCfg = Debug|Win32
		{67012F15-2B90-4767-8245-58E315D7ECEE}.Debug|x86.Build.0 = Debug|Win32
		{67012F15-2B90-4767-8245-58E315D7ECEE}.Release|x64.ActiveCfg = Release|x64
		{67012F15-2B90-4767-8245-58E315D7ECEE}.Release|x64.Build.0 = Release|x64
		{67012F15-2B90-4767-8245-58E315D7ECEE}.Release|x86.ActiveCfg = Release|Win32
		{67012F15-2B90-4767-8245-58E315D7ECEE}.Release|x86.Build.0 = Release|Win32
		{B6DD44A8-1188-4D07-9DF8-906886F3D46B}.Debug|x64.ActiveCfg = Debug|x64
		{B6DD44A8-1188-4D07-9DF8-906886F3D46B}.Debug|x64.Build.0 = Debug|x64
		{B6DD44A8-1188-4D07-9DF8-906886F3D46B}.Debug|x86.ActiveCfg = Debug|Win32
		{B6DD44A8-1188-4D07-9DF8-906886F3D46B}.Debug|x86.Build.0 = Debug|Win32
		{B6DD44A8-1188-4D07-9DF8-906886F3D46B}.Release|x64.ActiveCfg = Release|x64
		{B6DD44A8-1188-4D07-9DF8-906886F3D46B}.Release|x64.Build.0 = Release|x64
		{B6DD44A8-1188-4D07-9DF8-906886F3D46B}.Release|x86.ActiveCfg = Release|Win32
		{B6DD44A8-1188-4D07-9DF8-906886F3D46B}.Release|x86.Build.0 = Release|Win32
		{ABFC497F-83AA-40C8-A92A-5EBE1DA912ED}.Debug|x64.ActiveCfg = Debug|x64
		{ABFC497F-83AA-40C8-A92A-5EBE1DA912ED}.Debug|x64.Build.0 = Debug|x64
		{ABFC497F-83AA-40C8-A92A-5EBE1DA912ED}.Debug|x86.ActiveCfg = Debug|Win32
		{ABFC497F-83AA-40C8-A92A-5EBE1DA912ED}.Debug|x86.Build.0 = Debug|Win32
		{ABFC497F-83AA-40C8-A92A-5EBE1DA912ED}.Release|x64.ActiveCfg = Release|x64
		{ABFC497F-83AA-40C8-A92A-5EBE1DA912ED}.Release|x64.Build.0 = Release|x64
		{ABFC497F-83AA-40C8-A92A-5EBE1DA912ED}.Release|x86.ActiveCfg = Release|Win32
		{ABFC497F-83AA-40C8-A92A-5EBE1DA912ED}.Release|x86.Build.0 = Release|Win32
		{6101B6C8-C2D3-4FC3-8859-C0FB13FF23A9}.Debug|x64.ActiveCfg = Debug|x64
		{6101B6C8-C2D3-4FC3-8859-C0FB13FF23A9}.Debug|x64.Build.0 = Debug|x64
		{6101B6C8-C2D3-4FC3-8859-C0FB13FF23A9}.Debug|x86.ActiveCfg = Debug|Win32
		{6101B6C8-C2D3-4FC3-8859-C0FB13FF23A9}.Debug|x86.Build.0 = Debug|Win32
		{6101B6C8-C2D3-4FC3-8859-C0FB13FF23A9}.Release|x64.ActiveCfg = Release|x64
		{6101B6C8-C2D3-4FC3-8859-C0FB13FF23A9}.Release|x64.Build.0 = Release|x64
		{6101B6C8-C2D3-4FC3-8859-C0FB13FF23A9}.Release|x86.ActiveCfg = Release|Win32
		{6101B6C8-C2D3-4FC3-8859-C0FB13FF23A9}.Release|x86.Build.0 = Release|Win32
		{A6DF9A93-16E0-49F2-8668-BD3C3EDBE880}.Debug|x64.ActiveCfg = Debug|x64
		{A6DF9A93-16E0-49F2-8668-BD3C3EDBE880}.Debug|x64.Build.0 = Debug|x64
		{A6DF9A93-16E0-49F2-8668-BD3C3EDBE880}.Debug|x86.ActiveCfg = Debug|Win32
		{A6DF9A93-16E0-49F2-8668-BD3C3EDBE880}.Debug|x86.Build.0 = Debug|Win32
		{A6DF9A93-16E0-49F2-8668-BD3C3EDBE880}.Release|x64.ActiveCfg = Release|x64
		{A6DF9A93-16E0-49F2-8668-BD3C3EDBE880}.Release|x64.Build.0 = Release|x64
		{A6DF9A93-16E0-49F2-8668-BD3C3EDBE880}.Release|x86.ActiveCfg = Release|Win32
		{A6DF9A93-16E0-49F2-8668-BD3C3EDBE880}.Release|x86.Build.0 = Release|Win32
		{8CA46429-9E65-4569-AAAF-9EAB42771332}.Debug|x64.ActiveCfg = Debug|x64
		{8CA46429-9E65-4569-AAAF-9EAB42771332}.Debug|x64.Build.0 = Debug|x64
		{8CA46429-9E65-4569-AAAF-9EAB42771332}.Debug|x86.ActiveCfg = Debug|Win32
		{8CA46429-9E65-4569-AAAF-9EAB42771332}.Debug|x86.Build.0 = Debug|Win32
		{8CA46429-9E65-4569-AAAF-9EAB42771332}.Release|x64.ActiveCfg = Release|x64
		{8CA46429-9E65-4569-AAAF-9EAB42771332}.Release|x64.Build.0 = Release|x64
		{8CA46429-9E65-4569-AAAF-9EAB42771332}.Release|x86.ActiveCfg = Release|Win32
		{8CA46429-9E65-4569-AAAF-9EAB42771332}.Release|x86.Build.0 = Release|Win32
		{9B819F7E-A4F2-46EC-87A0-3AFA7A8937B2}.Debug|x64.ActiveCfg = Debug|x64
		{9B819F7E-A4F2-46EC-87A0-3AFA7A8937B2}.Debug|x64.Build.0 = Debug|x64
		{9B819F7E-A4F2-46EC-87A0-3AFA7A8937B2}.Debug|x86.ActiveCfg = Debug|Win32
		{9B819F7E-A4F2-46EC-87A0-3AFA7A8937B2}.Debug|x86.Build.0 = Debug|Win32
		{9B819F7E-A4F2-46EC-87A0-3AFA7A8937B2}.Release|x64.ActiveCfg = Release|x64
		{9B819F7E-A4F2-46EC-87A0-3AFA7A8937B2}.Release|x64.Build.0 = Release|x64
		{9B819F7E-A4F2-46EC-87A0-3AFA7A8937B2}.Release|x86.ActiveCfg = Release|Win32
		{9B819F7E-A4F2-46EC-87A0-3AFA7A8937B2}.Release|x86.Build.0 = Release|Win32
		{A944C70B-316C-43F8-B00A-3E0EAA6CC587}.Debug|x64.ActiveCfg = Debug|x64
		{A944C70B-316C-43F8-B00A-3E0EAA6CC587}.Debug|x64.Build.0 = Debug|x64
		{A944C70B-316C-43F8-B00A-3E0EAA6CC587}.Debug|x86.ActiveCfg = Debug|Win32
		{A944C70B-316C-43F8-B00A-3E0EAA6CC587}.Debug|x86.Build.0 = Debug|Win32
		{A944C70B-316C-43F8-B00A-3E0EAA6CC587}.Release|x64.ActiveCfg = Release|x64
		{A944C70B-316C-43F8-B00A-3E0EAA6CC587}.Release|x64.Build.0 = Release|x64
		{A944C70B-316C-43F8-B00A-3E0EAA6CC587}.Release|x86.ActiveCfg = Release|Win32
		{A944C70B-316C-43F8-B00A-3E0EAA6CC587}.Release|x86.Build.0 = Release|Win32
		{B0176B0C-E571-4C66-9044-B874D063C773}.Debug|x64.ActiveCfg = Debug|x64
		{B0176B0C-E571-4C66-9044-B874D063C773}.Debug|x64.Build.0 = Debug|x64
		{B0176B0C-E571-4C66-9044-B874D063C773}.Debug|x86.ActiveCfg = Debug|Win32
		{B0176B0C-E571-4C66-9044-B874D063C773}.Debug|x86.Build.0 = Debug|Win32
		{B0176B0C-E571-4C66-9044-B874D063C773}.Release|x64.ActiveCfg = Release|x64
		{B0176B0C-E571-4C66-9044-B874D063C773}.Release|x64.Build.0 = Release|x64
		{B0176B0C-E571-4C66-9044-B874D063C773}.Release|x86.ActiveCfg = Release|Win32
		{B0176B0C-E571-4C66-9044-B874D063C773}.Release|x86.Build.0 = Release|Win32
		{5EE3456E-17BC-4E56-8775-0C6404BB51BD}.Debug|x64.ActiveCfg = Debug|x64
		{5EE3456E-17BC-4E56-8775-0C6404BB51BD}.Debug|x64.Build.0 = Debug|x64
		{5EE3456E-17BC-4E56-8775-0C6404BB51BD}.Debug|x86.ActiveCfg = Debug|Win32
		{5EE3456E-17BC-4E56-8775-0C6404BB51BD}.Debug|x86.Build.0 = Debug|Win32
		{5EE3456E-17BC-4E56-8775-0C6404BB51BD}.Release|x64.ActiveCfg = Release|x64
		{5EE3456E-17BC-4E56-8775-0C6404BB51BD}.Release|x64.Build.0 = Release|x64
		{5EE3456E-17BC-4E56-8775-0C6404BB51BD}.Release|x86.ActiveCfg = Release|Win32
		{5EE3456E-17BC-4E56-8775-0C6404BB51BD}.Release|x86.Build.0 = Release|Win32
		{69D7CFF0-6330-41C0-998D-2A8789C2C055}.Debug|x64.ActiveCfg = Debug|x64
		{69D7CFF0-6330-41C0-998D-2A8789C2C055}.Debug|x64.Build.0 = Debug|x64
		{69D7CFF0-6330-41C0-998D-2A8789C2C055}.Debug|x86.ActiveCfg = Debug|Win32
		{69D7CFF0-6330-41C0-998D-2A8789C2C055}.Debug|x86.Build.0 = Debug|Win32
		{69D7CFF0-6330-41C0-998D-2A8789C2C055}.Release|x64.ActiveCfg = Release|x64
		{69D7CFF0-6330-41C0-998D-2A8789C2C055}.Release|x64.Build.0 = Release|x64
		{69D7CFF0-6330-41C0-998D-2A8789C2C055}.Release|x86.ActiveCfg = Release|Win32
		{69D7CFF0-6330-41C0-998D-2A8789C2C055}.Release|x86.Build.0 = Release|Win32
		{04FA4DE0-0D7E-4E86-AB41-25D6FEA35098}.Debug|x64.ActiveCfg = Debug|x64
		{04FA4DE0-0D7E-4E86-AB41-25D6FEA35098}.Debug|x64.Build.0 = Debug|x64
		{04FA4DE0-0D7E-4E86-AB41-25D6FEA35098}.Debug|x86.ActiveCfg = Debug|Win32
		{04FA4DE0-0D7E-4E86-AB41-25D6FEA35098}.Debug|x86.Build.0 = Debug|Win32
		{04FA4DE0-0D7E-4E86-AB41-25D6FEA35098}.Release|x64.ActiveCfg = Release|x64
		{04FA4DE0-0D7E-4E86-AB41-25D6FEA35098}.Release|x64.Build.0 = Release|x64
		{04FA4DE0-0D7E-4E86-AB41-25D6FEA35098}.Release|x86.ActiveCfg = Release|Win32
		{04FA4DE0-0D7E-4E86-AB41-25D6FEA35098}.Release|x86.Build.0 = Release|Win32
		{18842BD5-34F1-4633-8850-804EA7E5DEBE}.Debug|x64.ActiveCfg = Debug|x64
		{18842BD5-34F1-4633-8850-804EA7E5DEBE}.Debug|x64.Build.0 = Debug|x64
		{18842BD5-34F1-4633-8850-804EA7E5DEBE}.Debug|x86.ActiveCfg = Debug|Win32
		{18842BD5-34F1-4633-8850-804EA7E5DEBE}.Debug|x86.Build.0 = Debug|Win32
		{18842BD5-34F1-4633-8850-804EA7E5DEBE}.Release|x64.ActiveCfg = Release|x64
		{18842BD5-34F1-4633-8850-804EA7E5DEBE}.Release|x64.Build.0 = Release|x64
		{18842BD5-34F1-4633-8850-804EA7E5DEBE}.Release|x86.ActiveCfg = Release|Win32
		{18842BD5-34F1-4633-8850-804EA7E5DEBE}.Release|x86.Build.0 = Release|Win32
		{D9C86A97-E5F7-45A8-877C-BCC1384798A8}.Debug|x64.ActiveCfg = Debug|x64
		{D9C86A97-E5F7-45A8-877C-BCC1384798A8}.Debug|x64.Build.0 = Debug|x64
		{D9C86A97-E5F7-45A8-877C-BCC1384798A8}.Debug|x86.ActiveCfg = Debug|Win32
		{D9C86A97-E5F7-45A8-877C-BCC1384798A8}.Debug|x86.Build.0 = Debug|Win32
		{D9C86A97-E5F7-45A8-877C-BCC1384798A8}.Release|x64.ActiveCfg = Release|x64
		{D9C86A97-E5F7-45A8-877C-BCC1384798A8}.Release|x64.Build.0 = Release|x64
		{D9C86A97-E5F7-45A8-877C-BCC1384798A8}.Release|x86.ActiveCfg = Release|Win32
		{D9C86A97-E5F7-45A8-877C-BCC1384798A8}.Release|x86.Build.0 = Release|Win32
		{3C9051C0-A965-4D9A-A602-F6443E7E45F8}.Debug|x64.ActiveCfg = Debug|x64
		{3C9051C0-A965-4D9A-A602-F6443E7E45F8}.Debug|x64.Build.0 = Debug|x64
		{3C9051C0-A965-4D9A-A602-F6443E7E45F8}.Debug|x86.ActiveCfg = Debug|Win32
		{3C9051C0-A965-4D9A-A602-F6443E7E45F8}.Debug|x86.Build.0 = Debug|Win32
		{3C9051C0-A965-4D9A-A602-F6443E7E45F8}.Release|x64.ActiveCfg = Release|x64
		{3C9051C0-A965-4D9A-A602-F6443E7E45F8}.Release|x64.Build.0 = Release|x64
		{3C9051C0-A965-4D9A-A602-F6443E7E45F8}.Release|x86.ActiveCfg = Release|Win32
		{3C9051C0-A965-4D9A-A602-F6443E7E45F8}.Release|x86.Build.0 = Release|Win32
		{A6F3733F-ABC8-4119-83C1-FC66218DD9E2}.Debug|x64.ActiveCfg = Debug|x64
		{A6F3733F-ABC8-4119-83C1-FC66218DD9E2}.Debug|x64.Build.0 = Debug|x64
		{A6F3733F-ABC8-4119-83C1-FC66218DD9E2}.Debug|x86.ActiveCfg = Debug|Win32
		{A6F3733F-ABC8-4119-83C1-FC66218DD9E2}.Debug|x86.Build.0 = Debug|Win32
		{A6F3733F-ABC8-4119-83C1-FC66218DD9E2}.Release|x64.ActiveCfg = Release|x64
		{A6F3733F-ABC8-4119-83C1-FC66218DD9E2}.Release|x64.Build.0 = Release|x64
		{A6F3733F-ABC8-4119-83C1-FC66218DD9E2}.Release|x86.ActiveCfg = Release|Win32
		{A6F3733F-ABC8-4119-83C1-FC66218DD9E2}.Release|x86.Build.0 = Release|Win32
		{DE2C2B5C-7A56-4FA6-919E-9E926116CB44}.Debug|x64.ActiveCfg = Debug|x64
		{DE2C2B5C-7A56-4FA6-919E-9E926116CB44}.Debug|x64.Build.0 = Debug|x64
		{DE2C2B5C-7A56-4FA6-919E-9E926116CB44}.Debug|x86.ActiveCfg = Debug|Win32
		{DE2C2B5C-7A56-4FA6-919E-9E926116CB44}.Debug|x86.Build.0 = Debug|Win32
		{DE2C2B5C-7A56-4FA6-919E-9E926116CB44}.Release|x64.ActiveCfg = Release|x64
		{DE2C2B5C-7A56-4FA6-919E-9E926116CB44}.Release|x64.Build.0 = Release|x64
		{DE2C2B5C-7A56-4FA6-919E-9E926116CB44}.Release|x86.ActiveCfg = Release|Win32
		{DE2C2B5C-7A56-4FA6-919E-9E926116CB44}.Release|x86.Build.0 = Release|Win32
		{432AC012-4220-4BD4-8893-193FCD9D4746}.Debug|x64.ActiveCfg = Debug|x64
		{432AC012-4220-4BD4-8893-193FCD9D4746}.Debug|x64.Build.0 = Debug|x64
		{432AC012-4220-4BD4-8893-193FCD9D4746}.Debug|x86.ActiveCfg = Debug|Win32
		{432AC012-4220-4BD4-8893-193FCD9D4746}.Debug|x86.Build.0 = Debug|Win32
		{432AC012-4220-4BD4-8893-193FCD9D4746}.Release|x64.ActiveCfg = Release|x64
		{432AC012-4220-4BD4-8893-193FCD9D4746}.Release|x64.Build.0 = Release|x64
		{432AC012-4220-4BD4-8893-193FCD9D4746}.Release|x86.ActiveCfg = Release|Win32
		{432AC012-4220-4BD4-8893-193FCD9D4746}.Release|x86.Build.0 = Release|Win32
		{8F1A2229-DB57-4F90-9D48-ACDBEDEAF1F7}.Debug|x64.ActiveCfg = Debug|x64
		{8F1A2229-DB57-4F90-9D48-ACDBEDEAF1F7}.Debug|x64.Build.0 = Debug|x64
		{8F1A2229-DB57-4F90-9D48-ACDBEDEAF1F7}.Debug|x86.ActiveCfg = Debug|Win32
		{8F1A2229-DB57-4F90-9D48-ACDBEDEAF1F7}.Debug|x86.Build.0 = Debug|Win32
		{8F1A2229-DB57-4F90-9D48-ACDBEDEAF1F7}.Release|x64.ActiveCfg = Release|x64
		{8F1A2229-DB57-4F90-9D48-ACDBEDEAF1F7}.Release|x64.Build.0 = Release|x64
		{8F1A2229-DB57-4F90-9D48-ACDBEDEAF1F7}.Release|x86.ActiveCfg = Release|Win32
		{8F1A2229-DB57-4F90-9D48-ACDBEDEAF1F7}.Release|x86.Build.0 = Release|Win32
		{8141BCE8-A780-4FD5-A01A-95ED0ADC8D2E}.Debug|x64.ActiveCfg = Debug|x64
		{8141BCE8-A780-4FD5-A01A-95ED0ADC8D2E}.Debug|x64.Build.0 = Debug|x64
		{8141BCE8-A780-4FD5-A01A-95ED0ADC8D2E}.Debug|x86.ActiveCfg = Debug|Win32
		{8141BCE8-A780-4FD5-A01A-95ED0ADC8D2E}.Debug|x86.Build.0 = Debug|Win32
		{8141BCE8-A780-4FD5-A01A-95ED0ADC8D2E}.Release|x64.ActiveCfg = Release|x64
		{8141BCE8-A780-4FD5-A01A-95ED0ADC8D2E}.Release|x64.Build.0 = Release|x64
		{8141BCE8-A780-4FD5-A01A-95ED0ADC8D2E}.Release|x86.ActiveCfg = Release|Win32
		{8141BCE8-A780-4FD5-A01A-95ED0ADC8D2E}.Release|x86.Build.0 = Release|Win32
	EndGlobalSection
	GlobalSection(SolutionProperties) = preSolution
		HideSolutionNode = FALSE
	EndGlobalSection
	GlobalSection(ExtensibilityGlobals) = postSolution
		SolutionGuid = {5BFC8C50-9305-4A52-95C1-BB90960CB4CD}
	EndGlobalSection
EndGlobal
